version = 1
requires-python = ">=3.13"

[[package]]
name = "aws-test-harness-test-support"
version = "0.1.0"
source = { editable = "." }
dependencies = [
    { name = "boto3" },
    { name = "boto3-stubs", extra = ["cloudformation"] },
]

[package.metadata]
requires-dist = [
    { name = "boto3", specifier = ">=1.36.6" },
    { name = "boto3-stubs", extras = ["cloudformation"], specifier = ">=1.36.6" },
]

[[package]]
name = "boto3"
version = "1.36.6"
source = { registry = "https://pypi.org/simple" }
dependencies = [
    { name = "botocore" },
    { name = "jmespath" },
    { name = "s3transfer" },
]
sdist = { url = "https://files.pythonhosted.org/packages/ec/31/f6189fcb81156cd2e7f7616e4c95958a47e53c12253c5e86a9dcc1a529c1/boto3-1.36.6.tar.gz", hash = "sha256:b36feae061dc0793cf311468956a0a9e99215ce38bc99a1a4e55a5b105f16297", size = 110998 }
wheels = [
    { url = "https://files.pythonhosted.org/packages/7e/44/4b4d7579297708b84d846a223b6e3be93767d12a3ee997e162e2a3a371a5/boto3-1.36.6-py3-none-any.whl", hash = "sha256:6d473f0f340d02b4e9ad5b8e68786a09728101a8b950231b89ebdaf72b6dca21", size = 139166 },
]

[[package]]
name = "boto3-stubs"
version = "1.36.6"
source = { registry = "https://pypi.org/simple" }
dependencies = [
    { name = "botocore-stubs" },
    { name = "types-s3transfer" },
]
sdist = { url = "https://files.pythonhosted.org/packages/0c/34/f5ba6a2030affac2663cf12b39b9466542aee03584c265b50333787efaeb/boto3_stubs-1.36.6.tar.gz", hash = "sha256:f5ec1a5a6ecb92912903631163482f6ce84f092d5bc36ec08f770700befccc7b", size = 98549 }
wheels = [
    { url = "https://files.pythonhosted.org/packages/21/27/ecf29b444ea3743f01c57bef1c23a19e70894bdbd00a83ba8f75cd9873f6/boto3_stubs-1.36.6-py3-none-any.whl", hash = "sha256:fa601aa025e328848b6159d1e8c8cb374e4a8421f2514d962d5f468d26e92b37", size = 68236 },
]

[package.optional-dependencies]
cloudformation = [
    { name = "mypy-boto3-cloudformation" },
]

[[package]]
name = "botocore"
version = "1.36.6"
source = { registry = "https://pypi.org/simple" }
dependencies = [
    { name = "jmespath" },
    { name = "python-dateutil" },
    { name = "urllib3" },
]
sdist = { url = "https://files.pythonhosted.org/packages/b0/b6/bd1a28becf386a70ca41aa6b76b0d65d03aed81d39fac662d1f97754ffca/botocore-1.36.6.tar.gz", hash = "sha256:4864c53d638da191a34daf3ede3ff1371a3719d952cc0c6bd24ce2836a38dd77", size = 13479626 }
wheels = [
    { url = "https://files.pythonhosted.org/packages/e8/ef/a0ac0d749c82fbaba28aa7b87a8ef5760de744e57dcbbfe3b99a0d65cf87/botocore-1.36.6-py3-none-any.whl", hash = "sha256:f77bbbb03fb420e260174650fb5c0cc142ec20a96967734eed2b0ef24334ef34", size = 13308005 },
]

[[package]]
name = "botocore-stubs"
version = "1.36.6"
source = { registry = "https://pypi.org/simple" }
dependencies = [
    { name = "types-awscrt" },
]
sdist = { url = "https://files.pythonhosted.org/packages/84/18/261f3f3abe15e32b4a43de25de85e15d9dc5e417cd8c3586fce6e2ac6ced/botocore_stubs-1.36.6.tar.gz", hash = "sha256:f47c30036a5e3c842ef7347aeb2067a952959a7b9c32c7dc0ed27040a231350d", size = 41178 }
wheels = [
    { url = "https://files.pythonhosted.org/packages/bf/97/8f96d952013c68f1a820c903613ac686b6361d0d2f00c41f5c7281ad17e2/botocore_stubs-1.36.6-py3-none-any.whl", hash = "sha256:e4b35ed9557e15d6ba0cb110bffe89f5ed6a8a202e7cf4c9a67667e7e4a7790c", size = 64005 },
]

[[package]]
name = "jmespath"
version = "1.0.1"
source = { registry = "https://pypi.org/simple" }
sdist = { url = "https://files.pythonhosted.org/packages/00/2a/e867e8531cf3e36b41201936b7fa7ba7b5702dbef42922193f05c8976cd6/jmespath-1.0.1.tar.gz", hash = "sha256:90261b206d6defd58fdd5e85f478bf633a2901798906be2ad389150c5c60edbe", size = 25843 }
wheels = [
    { url = "https://files.pythonhosted.org/packages/31/b4/b9b800c45527aadd64d5b442f9b932b00648617eb5d63d2c7a6587b7cafc/jmespath-1.0.1-py3-none-any.whl", hash = "sha256:02e2e4cc71b5bcab88332eebf907519190dd9e6e82107fa7f83b1003a6252980", size = 20256 },
]

[[package]]
name = "mypy-boto3-cloudformation"
version = "1.36.0"
source = { registry = "https://pypi.org/simple" }
sdist = { url = "https://files.pythonhosted.org/packages/73/7d/1069133a9fdd527022738ad912154253e69243c91ade0b8fba950d8ce136/mypy_boto3_cloudformation-1.36.0.tar.gz", hash = "sha256:acc2c7ae8920f1167be097f6151685fe5aee99be2f890075edf93e05d298e8b0", size = 54664 }
wheels = [
    { url = "https://files.pythonhosted.org/packages/d7/c3/35f97c2c23c325178892c400a16fd22d8d7ef299b7d72244ba779129de2c/mypy_boto3_cloudformation-1.36.0-py3-none-any.whl", hash = "sha256:3f6cd81739aaf9634c4aa2b92579081038a76e4f2dec306d02eaaf558b332ce9", size = 66147 },
]

[[package]]
name = "python-dateutil"
version = "2.9.0.post0"
source = { registry = "https://pypi.org/simple" }
dependencies = [
    { name = "six" },
]
sdist = { url = "https://files.pythonhosted.org/packages/66/c0/0c8b6ad9f17a802ee498c46e004a0eb49bc148f2fd230864601a86dcf6db/python-dateutil-2.9.0.post0.tar.gz", hash = "sha256:37dd54208da7e1cd875388217d5e00ebd4179249f90fb72437e91a35459a0ad3", size = 342432 }
wheels = [
    { url = "https://files.pythonhosted.org/packages/ec/57/56b9bcc3c9c6a792fcbaf139543cee77261f3651ca9da0c93f5c1221264b/python_dateutil-2.9.0.post0-py2.py3-none-any.whl", hash = "sha256:a8b2bc7bffae282281c8140a97d3aa9c14da0b136dfe83f850eea9a5f7470427", size = 229892 },
]

[[package]]
name = "s3transfer"
version = "0.11.2"
source = { registry = "https://pypi.org/simple" }
dependencies = [
    { name = "botocore" },
]
sdist = { url = "https://files.pythonhosted.org/packages/62/45/2323b5928f86fd29f9afdcef4659f68fa73eaa5356912b774227f5cf46b5/s3transfer-0.11.2.tar.gz", hash = "sha256:3b39185cb72f5acc77db1a58b6e25b977f28d20496b6e58d6813d75f464d632f", size = 147885 }
wheels = [
    { url = "https://files.pythonhosted.org/packages/1b/ac/e7dc469e49048dc57f62e0c555d2ee3117fa30813d2a1a2962cce3a2a82a/s3transfer-0.11.2-py3-none-any.whl", hash = "sha256:be6ecb39fadd986ef1701097771f87e4d2f821f27f6071c872143884d2950fbc", size = 84151 },
]

[[package]]
name = "six"
version = "1.17.0"
source = { registry = "https://pypi.org/simple" }
sdist = { url = "https://files.pythonhosted.org/packages/94/e7/b2c673351809dca68a0e064b6af791aa332cf192da575fd474ed7d6f16a2/six-1.17.0.tar.gz", hash = "sha256:ff70335d468e7eb6ec65b95b99d3a2836546063f63acc5171de367e834932a81", size = 34031 }
wheels = [
    { url = "https://files.pythonhosted.org/packages/b7/ce/149a00dd41f10bc29e5921b496af8b574d8413afcd5e30dfa0ed46c2cc5e/six-1.17.0-py2.py3-none-any.whl", hash = "sha256:4721f391ed90541fddacab5acf947aa0d3dc7d27b2e1e8eda2be8970586c3274", size = 11050 },
]

[[package]]
name = "types-awscrt"
version = "0.23.7"
source = { registry = "https://pypi.org/simple" }
sdist = { url = "https://files.pythonhosted.org/packages/cd/4e/7ca850d6c2fdad13eb0514883c64bcf54e22324ac9a55ccd75065d3d77fe/types_awscrt-0.23.7.tar.gz", hash = "sha256:676284ba043cd5e3fb3911e4978c0e8c32871561646131c272121e33ddd92873", size = 15454 }
wheels = [
    { url = "https://files.pythonhosted.org/packages/37/43/ed5c55920b26b34c254f2e38e8bcfdb13f385dba7fe96d8d7cb962b997e7/types_awscrt-0.23.7-py3-none-any.whl", hash = "sha256:e428514a835a2efebd1b6d8a66473b67422cc52e0770a39bee0a4d72048d878b", size = 19415 },
]

[[package]]
name = "types-s3transfer"
version = "0.11.2"
source = { registry = "https://pypi.org/simple" }
sdist = { url = "https://files.pythonhosted.org/packages/56/a9/21967d4fc03bb7980b7af040642d67c4f1e5bf093dc7ff263d4f06020043/types_s3transfer-0.11.2.tar.gz", hash = "sha256:3ccb8b90b14434af2fb0d6c08500596d93f3a83fb804a2bb843d9bf4f7c2ca60", size = 14054 }
wheels = [
    { url = "https://files.pythonhosted.org/packages/17/12/0256488171e2947b20364638779891db45bf25af14e9a6bde50b2df65cd6/types_s3transfer-0.11.2-py3-none-any.whl", hash = "sha256:09c31cff8c79a433fcf703b840b66d1f694a6c70c410ef52015dd4fe07ee0ae2", size = 19486 },
]

[[package]]
name = "urllib3"
version = "2.3.0"
source = { registry = "https://pypi.org/simple" }
sdist = { url = "https://files.pythonhosted.org/packages/aa/63/e53da845320b757bf29ef6a9062f5c669fe997973f966045cb019c3f4b66/urllib3-2.3.0.tar.gz", hash = "sha256:f8c5449b3cf0861679ce7e0503c7b44b5ec981bec0d1d3795a07f1ba96f0204d", size = 307268 }
wheels = [
    { url = "https://files.pythonhosted.org/packages/c8/19/4ec628951a74043532ca2cf5d97b7b14863931476d117c471e8e2b1eb39f/urllib3-2.3.0-py3-none-any.whl", hash = "sha256:1cee9ad369867bfdbbb48b7dd50374c0967a0bb7710050facf0dd6911440e3df", size = 128369 },
]
